Microsoft Visual Studio Solution File, Format Version 12.00
# Visual Studio 15
VisualStudioVersion = 15.0.27130.2027
MinimumVisualStudioVersion = 15.0.26124.0
Project("{9A19103F-16F7-4668-BE54-9A1E7A4F7556}") = "TwitterSentimentWebApp.Server", "TwitterSentimentWebApp.Server\TwitterSentimentWebApp.Server.csproj", "{14A5D34A-E235-46DC-B5E3-0ED08555B75D}"
EndProject
Project("{9A19103F-16F7-4668-BE54-9A1E7A4F7556}") = "TwitterSentimentWebApp.App", "TwitterSentimentWebApp.App\TwitterSentimentWebApp.App.csproj", "{5FCB5A95-914B-4D00-BE26-F8D2F6AE80C4}"
EndProject
Global
	GlobalSection(SolutionConfigurationPlatforms) = preSolution
		Debug|Any CPU = Debug|Any CPU
		Debug|x64 = Debug|x64
		Debug|x86 = Debug|x86
		Release|Any CPU = Release|Any CPU
		Release|x64 = Release|x64
		Release|x86 = Release|x86
	EndGlobalSection
	GlobalSection(ProjectConfigurationPlatforms) = postSolution
		{5FCB5A95-914B-4D00-BE26-F8D2F6AE80C4}.Debug|Any CPU.ActiveCfg = Debug|Any CPU
		{5FCB5A95-914B-4D00-BE26-F8D2F6AE80C4}.Debug|Any CPU.Build.0 = Debug|Any CPU
		{5FCB5A95-914B-4D00-BE26-F8D2F6AE80C4}.Debug|x64.ActiveCfg = Debug|Any CPU
		{5FCB5A95-914B-4D00-BE26-F8D2F6AE80C4}.Debug|x64.Build.0 = Debug|Any CPU
		{5FCB5A95-914B-4D00-BE26-F8D2F6AE80C4}.Debug|x86.ActiveCfg = Debug|Any CPU
		{5FCB5A95-914B-4D00-BE26-F8D2F6AE80C4}.Debug|x86.Build.0 = Debug|Any CPU
		{5FCB5A95-914B-4D00-BE26-F8D2F6AE80C4}.Release|Any CPU.ActiveCfg = Release|Any CPU
		{5FCB5A95-914B-4D00-BE26-F8D2F6AE80C4}.Release|Any CPU.Build.0 = Release|Any CPU
		{5FCB5A95-914B-4D00-BE26-F8D2F6AE80C4}.Release|x64.ActiveCfg = Release|Any CPU
		{5FCB5A95-914B-4D00-BE26-F8D2F6AE80C4}.Release|x64.Build.0 = Release|Any CPU
		{5FCB5A95-914B-4D00-BE26-F8D2F6AE80C4}.Release|x86.ActiveCfg = Release|Any CPU
		{5FCB5A95-914B-4D00-BE26-F8D2F6AE80C4}.Release|x86.Build.0 = Release|Any CPU
		{14A5D34A-E235-46DC-B5E3-0ED08555B75D}.Debug|Any CPU.ActiveCfg = Debug|Any CPU
		{14A5D34A-E235-46DC-B5E3-0ED08555B75D}.Debug|Any CPU.Build.0 = Debug|Any CPU
		{14A5D34A-E235-46DC-B5E3-0ED08555B75D}.Debug|x64.ActiveCfg = Debug|Any CPU
		{14A5D34A-E235-46DC-B5E3-0ED08555B75D}.Debug|x64.Build.0 = Debug|Any CPU
		{14A5D34A-E235-46DC-B5E3-0ED08555B75D}.Debug|x86.ActiveCfg = Debug|Any CPU
		{14A5D34A-E235-46DC-B5E3-0ED08555B75D}.Debug|x86.Build.0 = Debug|Any CPU
		{14A5D34A-E235-46DC-B5E3-0ED08555B75D}.Release|Any CPU.ActiveCfg = Release|Any CPU
		{14A5D34A-E235-46DC-B5E3-0ED08555B75D}.Release|Any CPU.Build.0 = Release|Any CPU
		{14A5D34A-E235-46DC-B5E3-0ED08555B75D}.Release|x64.ActiveCfg = Release|Any CPU
		{14A5D34A-E235-46DC-B5E3-0ED08555B75D}.Release|x64.Build.0 = Release|Any CPU
		{14A5D34A-E235-46DC-B5E3-0ED08555B75D}.Release|x86.ActiveCfg = Release|Any CPU
		{14A5D34A-E235-46DC-B5E3-0ED08555B75D}.Release|x86.Build.0 = Release|Any CPU
	EndGlobalSection
	GlobalSection(SolutionProperties) = preSolution
		HideSolutionNode = FALSE
	EndGlobalSection
	GlobalSection(ExtensibilityGlobals) = postSolution
		SolutionGuid = {5A6B546B-6C91-48BD-8A72-D878C4E67879}
	EndGlobalSection
EndGlobal
